
Microsoft Visual Studio Solution File, Format Version 12.00
# Visual Studio Version 16
VisualStudioVersion = 16.0.31313.79
MinimumVisualStudioVersion = 10.0.40219.1
Project("{FAE04EC0-301F-11D3-BF4B-00C04F79EFBC}") = "phCryptoWatcher", "phCryptoWatcher\phCryptoWatcher.csproj", "{F72534BA-9876-4980-847E-862FABFD0653}"
EndProject
Global
	GlobalSection(SolutionConfigurationPlatforms) = preSolution
		Debug|Any CPU = Debug|Any CPU
		Release|Any CPU = Release|Any CPU
	EndGlobalSection
	GlobalSection(ProjectConfigurationPlatforms) = postSolution
		{F72534BA-9876-4980-847E-862FABFD0653}.Debug|Any CPU.ActiveCfg = Debug|Any CPU
		{F72534BA-9876-4980-847E-862FABFD0653}.Debug|Any CPU.Build.0 = Debug|Any CPU
		{F72534BA-9876-4980-847E-862FABFD0653}.Release|Any CPU.ActiveCfg = Release|Any CPU
		{F72534BA-9876-4980-847E-862FABFD0653}.Release|Any CPU.Build.0 = Release|Any CPU
	EndGlobalSection
	GlobalSection(SolutionProperties) = preSolution
		HideSolutionNode = FALSE
	EndGlobalSection
	GlobalSection(ExtensibilityGlobals) = postSolution
		SolutionGuid = {8D405057-C148-4AC6-9D18-A765CB6E0E2F}
	EndGlobalSection
EndGlobal
